
Microsoft Visual Studio Solution File, Format Version 12.00
# Visual Studio Version 16
VisualStudioVersion = 16.0.30523.141
MinimumVisualStudioVersion = 10.0.40219.1
Project("{FAE04EC0-301F-11D3-BF4B-00C04F79EFBC}") = "HotelManagementSystem", "HotelManagementSystem\HotelManagementSystem.csproj", "{A33D203F-DA1C-4B54-A664-F38ECA85793E}"
EndProject
Project("{9A19103F-16F7-4668-BE54-9A1E7A4F7556}") = "HMS.Entities", "HMS.Entities\HMS.Entities.csproj", "{778372AF-3905-45ED-8826-72D67A1ADDC5}"
EndProject
Project("{FAE04EC0-301F-11D3-BF4B-00C04F79EFBC}") = "HMS.Data", "HMS.Data\HMS.Data.csproj", "{BA6BB541-30AA-439D-90CD-F73C27323904}"
EndProject
Global
	GlobalSection(SolutionConfigurationPlatforms) = preSolution
		Debug|Any CPU = Debug|Any CPU
		Release|Any CPU = Release|Any CPU
	EndGlobalSection
	GlobalSection(ProjectConfigurationPlatforms) = postSolution
		{A33D203F-DA1C-4B54-A664-F38ECA85793E}.Debug|Any CPU.ActiveCfg = Debug|Any CPU
		{A33D203F-DA1C-4B54-A664-F38ECA85793E}.Debug|Any CPU.Build.0 = Debug|Any CPU
		{A33D203F-DA1C-4B54-A664-F38ECA85793E}.Release|Any CPU.ActiveCfg = Release|Any CPU
		{A33D203F-DA1C-4B54-A664-F38ECA85793E}.Release|Any CPU.Build.0 = Release|Any CPU
		{778372AF-3905-45ED-8826-72D67A1ADDC5}.Debug|Any CPU.ActiveCfg = Debug|Any CPU
		{778372AF-3905-45ED-8826-72D67A1ADDC5}.Debug|Any CPU.Build.0 = Debug|Any CPU
		{778372AF-3905-45ED-8826-72D67A1ADDC5}.Release|Any CPU.ActiveCfg = Release|Any CPU
		{778372AF-3905-45ED-8826-72D67A1ADDC5}.Release|Any CPU.Build.0 = Release|Any CPU
		{BA6BB541-30AA-439D-90CD-F73C27323904}.Debug|Any CPU.ActiveCfg = Debug|Any CPU
		{BA6BB541-30AA-439D-90CD-F73C27323904}.Debug|Any CPU.Build.0 = Debug|Any CPU
		{BA6BB541-30AA-439D-90CD-F73C27323904}.Release|Any CPU.ActiveCfg = Release|Any CPU
		{BA6BB541-30AA-439D-90CD-F73C27323904}.Release|Any CPU.Build.0 = Release|Any CPU
	EndGlobalSection
	GlobalSection(SolutionProperties) = preSolution
		HideSolutionNode = FALSE
	EndGlobalSection
	GlobalSection(ExtensibilityGlobals) = postSolution
		SolutionGuid = {A1F21263-63FE-4700-961E-9B572F43272C}
	EndGlobalSection
EndGlobal
